{
  "version": 4,
  "terraform_version": "1.14.0",
  "serial": 10,
  "lineage": "eabfeb92-e4ca-1317-14a3-1009d538bf6f",
  "outputs": {
    "instance_private_ip": {
      "value": "172.31.75.123",
      "type": "string"
    },
    "instance_public_ip": {
      "value": "3.236.120.211",
      "type": "string"
    },
    "s3_info": {
      "value": {
        "acceleration_status": "",
        "acl": "private",
        "arn": "arn:aws:s3:::test-terraform008877",
        "bucket": "test-terraform008877",
        "bucket_domain_name": "test-terraform008877.s3.amazonaws.com",
        "bucket_prefix": "",
        "bucket_region": "us-east-1",
        "bucket_regional_domain_name": "test-terraform008877.s3.us-east-1.amazonaws.com",
        "cors_rule": [],
        "force_destroy": false,
        "grant": [
          {
            "id": "3e3cf8964d0801acf655fe3e2c50b1e0689273ea5f1a17f3e424e66d69950380",
            "permissions": [
              "FULL_CONTROL"
            ],
            "type": "CanonicalUser",
            "uri": ""
          }
        ],
        "hosted_zone_id": "Z3AQBSTGFYJSTF",
        "id": "test-terraform008877",
        "lifecycle_rule": [],
        "logging": [],
        "object_lock_configuration": [],
        "object_lock_enabled": false,
        "policy": "",
        "region": "us-east-1",
        "replication_configuration": [],
        "request_payer": "BucketOwner",
        "server_side_encryption_configuration": [
          {
            "rule": [
              {
                "apply_server_side_encryption_by_default": [
                  {
                    "kms_master_key_id": "",
                    "sse_algorithm": "AES256"
                  }
                ],
                "bucket_key_enabled": false
              }
            ]
          }
        ],
        "tags": {},
        "tags_all": {},
        "timeouts": null,
        "versioning": [
          {
            "enabled": true,
            "mfa_delete": false
          }
        ],
        "website": [],
        "website_domain": null,
        "website_endpoint": null
      },
      "type": [
        "object",
        {
          "acceleration_status": "string",
          "acl": "string",
          "arn": "string",
          "bucket": "string",
          "bucket_domain_name": "string",
          "bucket_prefix": "string",
          "bucket_region": "string",
          "bucket_regional_domain_name": "string",
          "cors_rule": [
            "list",
            [
              "object",
              {
                "allowed_headers": [
                  "list",
                  "string"
                ],
                "allowed_methods": [
                  "list",
                  "string"
                ],
                "allowed_origins": [
                  "list",
                  "string"
                ],
                "expose_headers": [
                  "list",
                  "string"
                ],
                "max_age_seconds": "number"
              }
            ]
          ],
          "force_destroy": "bool",
          "grant": [
            "set",
            [
              "object",
              {
                "id": "string",
                "permissions": [
                  "set",
                  "string"
                ],
                "type": "string",
                "uri": "string"
              }
            ]
          ],
          "hosted_zone_id": "string",
          "id": "string",
          "lifecycle_rule": [
            "list",
            [
              "object",
              {
                "abort_incomplete_multipart_upload_days": "number",
                "enabled": "bool",
                "expiration": [
                  "list",
                  [
                    "object",
                    {
                      "date": "string",
                      "days": "number",
                      "expired_object_delete_marker": "bool"
                    }
                  ]
                ],
                "id": "string",
                "noncurrent_version_expiration": [
                  "list",
                  [
                    "object",
                    {
                      "days": "number"
                    }
                  ]
                ],
                "noncurrent_version_transition": [
                  "set",
                  [
                    "object",
                    {
                      "days": "number",
                      "storage_class": "string"
                    }
                  ]
                ],
                "prefix": "string",
                "tags": [
                  "map",
                  "string"
                ],
                "transition": [
                  "set",
                  [
                    "object",
                    {
                      "date": "string",
                      "days": "number",
                      "storage_class": "string"
                    }
                  ]
                ]
              }
            ]
          ],
          "logging": [
            "list",
            [
              "object",
              {
                "target_bucket": "string",
                "target_prefix": "string"
              }
            ]
          ],
          "object_lock_configuration": [
            "list",
            [
              "object",
              {
                "object_lock_enabled": "string",
                "rule": [
                  "list",
                  [
                    "object",
                    {
                      "default_retention": [
                        "list",
                        [
                          "object",
                          {
                            "days": "number",
                            "mode": "string",
                            "years": "number"
                          }
                        ]
                      ]
                    }
                  ]
                ]
              }
            ]
          ],
          "object_lock_enabled": "bool",
          "policy": "string",
          "region": "string",
          "replication_configuration": [
            "list",
            [
              "object",
              {
                "role": "string",
                "rules": [
                  "set",
                  [
                    "object",
                    {
                      "delete_marker_replication_status": "string",
                      "destination": [
                        "list",
                        [
                          "object",
                          {
                            "access_control_translation": [
                              "list",
                              [
                                "object",
                                {
                                  "owner": "string"
                                }
                              ]
                            ],
                            "account_id": "string",
                            "bucket": "string",
                            "metrics": [
                              "list",
                              [
                                "object",
                                {
                                  "minutes": "number",
                                  "status": "string"
                                }
                              ]
                            ],
                            "replica_kms_key_id": "string",
                            "replication_time": [
                              "list",
                              [
                                "object",
                                {
                                  "minutes": "number",
                                  "status": "string"
                                }
                              ]
                            ],
                            "storage_class": "string"
                          }
                        ]
                      ],
                      "filter": [
                        "list",
                        [
                          "object",
                          {
                            "prefix": "string",
                            "tags": [
                              "map",
                              "string"
                            ]
                          }
                        ]
                      ],
                      "id": "string",
                      "prefix": "string",
                      "priority": "number",
                      "source_selection_criteria": [
                        "list",
                        [
                          "object",
                          {
                            "sse_kms_encrypted_objects": [
                              "list",
                              [
                                "object",
                                {
                                  "enabled": "bool"
                                }
                              ]
                            ]
                          }
                        ]
                      ],
                      "status": "string"
                    }
                  ]
                ]
              }
            ]
          ],
          "request_payer": "string",
          "server_side_encryption_configuration": [
            "list",
            [
              "object",
              {
                "rule": [
                  "list",
                  [
                    "object",
                    {
                      "apply_server_side_encryption_by_default": [
                        "list",
                        [
                          "object",
                          {
                            "kms_master_key_id": "string",
                            "sse_algorithm": "string"
                          }
                        ]
                      ],
                      "bucket_key_enabled": "bool"
                    }
                  ]
                ]
              }
            ]
          ],
          "tags": [
            "map",
            "string"
          ],
          "tags_all": [
            "map",
            "string"
          ],
          "timeouts": [
            "object",
            {
              "create": "string",
              "delete": "string",
              "read": "string",
              "update": "string"
            }
          ],
          "versioning": [
            "list",
            [
              "object",
              {
                "enabled": "bool",
                "mfa_delete": "bool"
              }
            ]
          ],
          "website": [
            "list",
            [
              "object",
              {
                "error_document": "string",
                "index_document": "string",
                "redirect_all_requests_to": "string",
                "routing_rules": "string"
              }
            ]
          ],
          "website_domain": "string",
          "website_endpoint": "string"
        }
      ]
    }
  },
  "resources": [
    {
      "module": "module.my_ec2",
      "mode": "managed",
      "type": "aws_instance",
      "name": "test2",
      "provider": "provider[\"registry.terraform.io/hashicorp/aws\"]",
      "instances": [
        {
          "schema_version": 2,
          "attributes": {
            "ami": "ami-0ecb62995f68bb549",
            "arn": "arn:aws:ec2:us-east-1:000710252224:instance/i-0a8730ddda9e370eb",
            "associate_public_ip_address": true,
            "availability_zone": "us-east-1f",
            "capacity_reservation_specification": [
              {
                "capacity_reservation_preference": "open",
                "capacity_reservation_target": []
              }
            ],
            "cpu_options": [
              {
                "amd_sev_snp": "",
                "core_count": 1,
                "threads_per_core": 2
              }
            ],
            "credit_specification": [
              {
                "cpu_credits": "unlimited"
              }
            ],
            "disable_api_stop": false,
            "disable_api_termination": false,
            "ebs_block_device": [],
            "ebs_optimized": false,
            "enable_primary_ipv6": null,
            "enclave_options": [
              {
                "enabled": false
              }
            ],
            "ephemeral_block_device": [],
            "force_destroy": false,
            "get_password_data": false,
            "hibernation": false,
            "host_id": "",
            "host_resource_group_arn": null,
            "iam_instance_profile": "",
            "id": "i-0a8730ddda9e370eb",
            "instance_initiated_shutdown_behavior": "stop",
            "instance_lifecycle": "",
            "instance_market_options": [],
            "instance_state": "running",
            "instance_type": "t3.micro",
            "ipv6_address_count": 0,
            "ipv6_addresses": [],
            "key_name": "key",
            "launch_template": [],
            "maintenance_options": [
              {
                "auto_recovery": "default"
              }
            ],
            "metadata_options": [
              {
                "http_endpoint": "enabled",
                "http_protocol_ipv6": "disabled",
                "http_put_response_hop_limit": 2,
                "http_tokens": "required",
                "instance_metadata_tags": "disabled"
              }
            ],
            "monitoring": false,
            "network_interface": [],
            "outpost_arn": "",
            "password_data": "",
            "placement_group": "",
            "placement_group_id": "",
            "placement_partition_number": 0,
            "primary_network_interface": [
              {
                "delete_on_termination": true,
                "network_interface_id": "eni-0efad5a5fe7a904d9"
              }
            ],
            "primary_network_interface_id": "eni-0efad5a5fe7a904d9",
            "private_dns": "ip-172-31-75-123.ec2.internal",
            "private_dns_name_options": [
              {
                "enable_resource_name_dns_a_record": false,
                "enable_resource_name_dns_aaaa_record": false,
                "hostname_type": "ip-name"
              }
            ],
            "private_ip": "172.31.75.123",
            "public_dns": "ec2-3-236-120-211.compute-1.amazonaws.com",
            "public_ip": "3.236.120.211",
            "region": "us-east-1",
            "root_block_device": [
              {
                "delete_on_termination": true,
                "device_name": "/dev/sda1",
                "encrypted": false,
                "iops": 3000,
                "kms_key_id": "",
                "tags": {},
                "tags_all": {},
                "throughput": 125,
                "volume_id": "vol-0bf5a1f4087e04be8",
                "volume_size": 8,
                "volume_type": "gp3"
              }
            ],
            "secondary_private_ips": [],
            "security_groups": [
              "default"
            ],
            "source_dest_check": true,
            "spot_instance_request_id": "",
            "subnet_id": "subnet-0e7e9f1acc9ae9104",
            "tags": {
              "Name": "Ubuntu-test2"
            },
            "tags_all": {
              "Name": "Ubuntu-test2"
            },
            "tenancy": "default",
            "timeouts": null,
            "user_data": null,
            "user_data_base64": null,
            "user_data_replace_on_change": false,
            "volume_tags": null,
            "vpc_security_group_ids": [
              "sg-0e2400b5c01d12dd7"
            ]
          },
          "sensitive_attributes": [],
          "identity_schema_version": 0,
          "identity": {
            "account_id": "000710252224",
            "id": "i-0a8730ddda9e370eb",
            "region": "us-east-1"
          },
          "private": "eyJlMmJmYjczMC1lY2FhLTExZTYtOGY4OC0zNDM2M2JjN2M0YzAiOnsiY3JlYXRlIjo2MDAwMDAwMDAwMDAsImRlbGV0ZSI6MTIwMDAwMDAwMDAwMCwicmVhZCI6OTAwMDAwMDAwMDAwLCJ1cGRhdGUiOjYwMDAwMDAwMDAwMH0sInNjaGVtYV92ZXJzaW9uIjoiMiJ9"
        }
      ]
    },
    {
      "module": "module.my_s3",
      "mode": "managed",
      "type": "aws_s3_bucket",
      "name": "mys3bucket",
      "provider": "provider[\"registry.terraform.io/hashicorp/aws\"]",
      "instances": [
        {
          "schema_version": 0,
          "attributes": {
            "acceleration_status": "",
            "acl": "private",
            "arn": "arn:aws:s3:::test-terraform008877",
            "bucket": "test-terraform008877",
            "bucket_domain_name": "test-terraform008877.s3.amazonaws.com",
            "bucket_prefix": "",
            "bucket_region": "us-east-1",
            "bucket_regional_domain_name": "test-terraform008877.s3.us-east-1.amazonaws.com",
            "cors_rule": [],
            "force_destroy": false,
            "grant": [
              {
                "id": "3e3cf8964d0801acf655fe3e2c50b1e0689273ea5f1a17f3e424e66d69950380",
                "permissions": [
                  "FULL_CONTROL"
                ],
                "type": "CanonicalUser",
                "uri": ""
              }
            ],
            "hosted_zone_id": "Z3AQBSTGFYJSTF",
            "id": "test-terraform008877",
            "lifecycle_rule": [],
            "logging": [],
            "object_lock_configuration": [],
            "object_lock_enabled": false,
            "policy": "",
            "region": "us-east-1",
            "replication_configuration": [],
            "request_payer": "BucketOwner",
            "server_side_encryption_configuration": [
              {
                "rule": [
                  {
                    "apply_server_side_encryption_by_default": [
                      {
                        "kms_master_key_id": "",
                        "sse_algorithm": "AES256"
                      }
                    ],
                    "bucket_key_enabled": false
                  }
                ]
              }
            ],
            "tags": {},
            "tags_all": {},
            "timeouts": null,
            "versioning": [
              {
                "enabled": true,
                "mfa_delete": false
              }
            ],
            "website": [],
            "website_domain": null,
            "website_endpoint": null
          },
          "sensitive_attributes": [],
          "identity_schema_version": 0,
          "identity": {
            "account_id": "000710252224",
            "bucket": "test-terraform008877",
            "region": "us-east-1"
          },
          "private": "eyJlMmJmYjczMC1lY2FhLTExZTYtOGY4OC0zNDM2M2JjN2M0YzAiOnsiY3JlYXRlIjoxMjAwMDAwMDAwMDAwLCJkZWxldGUiOjM2MDAwMDAwMDAwMDAsInJlYWQiOjEyMDAwMDAwMDAwMDAsInVwZGF0ZSI6MTIwMDAwMDAwMDAwMH19"
        }
      ]
    },
    {
      "module": "module.my_s3",
      "mode": "managed",
      "type": "aws_s3_bucket_ownership_controls",
      "name": "mys3bucket_ownership",
      "provider": "provider[\"registry.terraform.io/hashicorp/aws\"]",
      "instances": [
        {
          "schema_version": 0,
          "attributes": {
            "bucket": "test-terraform008877",
            "id": "test-terraform008877",
            "region": "us-east-1",
            "rule": [
              {
                "object_ownership": "BucketOwnerEnforced"
              }
            ]
          },
          "sensitive_attributes": [],
          "identity_schema_version": 0,
          "identity": {
            "account_id": "000710252224",
            "bucket": "test-terraform008877",
            "region": "us-east-1"
          },
          "private": "bnVsbA==",
          "dependencies": [
            "module.my_s3.aws_s3_bucket.mys3bucket"
          ]
        }
      ]
    },
    {
      "module": "module.my_s3",
      "mode": "managed",
      "type": "aws_s3_bucket_public_access_block",
      "name": "mys3bucket_block",
      "provider": "provider[\"registry.terraform.io/hashicorp/aws\"]",
      "instances": [
        {
          "schema_version": 0,
          "attributes": {
            "block_public_acls": true,
            "block_public_policy": true,
            "bucket": "test-terraform008877",
            "id": "test-terraform008877",
            "ignore_public_acls": true,
            "region": "us-east-1",
            "restrict_public_buckets": true,
            "skip_destroy": null
          },
          "sensitive_attributes": [],
          "identity_schema_version": 0,
          "identity": {
            "account_id": "000710252224",
            "bucket": "test-terraform008877",
            "region": "us-east-1"
          },
          "private": "bnVsbA==",
          "dependencies": [
            "module.my_s3.aws_s3_bucket.mys3bucket"
          ]
        }
      ]
    },
    {
      "module": "module.my_s3",
      "mode": "managed",
      "type": "aws_s3_bucket_versioning",
      "name": "mys3bucket_versioning",
      "provider": "provider[\"registry.terraform.io/hashicorp/aws\"]",
      "instances": [
        {
          "schema_version": 0,
          "attributes": {
            "bucket": "test-terraform008877",
            "expected_bucket_owner": "",
            "id": "test-terraform008877",
            "mfa": null,
            "region": "us-east-1",
            "versioning_configuration": [
              {
                "mfa_delete": "",
                "status": "Enabled"
              }
            ]
          },
          "sensitive_attributes": [],
          "identity_schema_version": 0,
          "identity": {
            "account_id": "000710252224",
            "bucket": "test-terraform008877",
            "expected_bucket_owner": null,
            "region": "us-east-1"
          },
          "private": "bnVsbA==",
          "dependencies": [
            "module.my_s3.aws_s3_bucket.mys3bucket"
          ]
        }
      ]
    }
  ],
  "check_results": null
}
