{
  "version": 4,
  "terraform_version": "1.14.0",
  "serial": 2,
  "lineage": "c998200f-7b5b-bbae-565b-ad48bb0b463d",
  "outputs": {
    "resource-details": {
      "value": {
        "arn": "arn:aws:iam::000710252224:user/aslam_shareef",
        "force_destroy": false,
        "id": "aslam_shareef",
        "name": "aslam_shareef",
        "path": "/",
        "permissions_boundary": "",
        "tags": null,
        "tags_all": {},
        "unique_id": "AIDAQAKSVS3ACAT2XLOKM"
      },
      "type": [
        "object",
        {
          "arn": "string",
          "force_destroy": "bool",
          "id": "string",
          "name": "string",
          "path": "string",
          "permissions_boundary": "string",
          "tags": [
            "map",
            "string"
          ],
          "tags_all": [
            "map",
            "string"
          ],
          "unique_id": "string"
        }
      ]
    }
  },
  "resources": [
    {
      "mode": "managed",
      "type": "aws_iam_user",
      "name": "mine",
      "provider": "provider[\"registry.terraform.io/hashicorp/aws\"]",
      "instances": [
        {
          "schema_version": 0,
          "attributes": {
            "arn": "arn:aws:iam::000710252224:user/aslam_shareef",
            "force_destroy": false,
            "id": "aslam_shareef",
            "name": "aslam_shareef",
            "path": "/",
            "permissions_boundary": "",
            "tags": null,
            "tags_all": {},
            "unique_id": "AIDAQAKSVS3ACAT2XLOKM"
          },
          "sensitive_attributes": [],
          "identity_schema_version": 0,
          "private": "bnVsbA=="
        }
      ]
    }
  ],
  "check_results": null
}
